
Microsoft Visual Studio Solution File, Format Version 12.00
# Visual Studio Version 17
VisualStudioVersion = 17.8.34330.188
MinimumVisualStudioVersion = 10.0.40219.1
Project("{FAE04EC0-301F-11D3-BF4B-00C04F79EFBC}") = "CodePulse.Api", "CodePulse.Api\CodePulse.Api.csproj", "{9390FC91-CBDD-490F-9B22-5F27451CF2EE}"
EndProject
Global
	GlobalSection(SolutionConfigurationPlatforms) = preSolution
		Debug|Any CPU = Debug|Any CPU
		Release|Any CPU = Release|Any CPU
	EndGlobalSection
	GlobalSection(ProjectConfigurationPlatforms) = postSolution
		{9390FC91-CBDD-490F-9B22-5F27451CF2EE}.Debug|Any CPU.ActiveCfg = Debug|Any CPU
		{9390FC91-CBDD-490F-9B22-5F27451CF2EE}.Debug|Any CPU.Build.0 = Debug|Any CPU
		{9390FC91-CBDD-490F-9B22-5F27451CF2EE}.Release|Any CPU.ActiveCfg = Release|Any CPU
		{9390FC91-CBDD-490F-9B22-5F27451CF2EE}.Release|Any CPU.Build.0 = Release|Any CPU
	EndGlobalSection
	GlobalSection(SolutionProperties) = preSolution
		HideSolutionNode = FALSE
	EndGlobalSection
	GlobalSection(ExtensibilityGlobals) = postSolution
		SolutionGuid = {135A38C8-5E86-4334-8F66-B49B3F24D810}
	EndGlobalSection
EndGlobal
